hash: 4beb8c5b7fce08eed66dbcafda0f5e4f0cd24f58788141c1c9593264461518e1
updated: 2018-10-22T15:13:31.763183519+03:00
imports:
- name: github.com/davecgh/go-spew
  version: d8f796af33cc11cb798c1aaeb27a4ebc5099927d
  subpackages:
  - spew
- name: github.com/go-qbit/model
  version: 00c9791307711181fc15e48601fa16e12306c6e0
- name: github.com/go-qbit/qerror
  version: 602345950747e44944bba0aeb0c35914d1418bfd
- name: github.com/go-qbit/rbac
  version: 6c781a48abb74bcec3936ce6383f0b49773caa22
- name: github.com/go-qbit/storage-mysql
  version: 1f23cf65558451307332f95ca5f5603da5041cb1
- name: github.com/go-qbit/timelog
  version: cffac1ad0017213cac9d32e208da6d7c5f62b7a9
- name: github.com/go-sql-driver/mysql
  version: d523deb1b23d913de5bdada721a6071e71283618
- name: github.com/tmc/dot
  version: 6d252d5ff882ba9963502860f30ab3673c6c7322
- name: google.golang.org/appengine
  version: ae0ab99deb4dc413a2b4bd6c8bdd0eb67f1e4d06
  subpackages:
  - cloudsql
testImports:
- name: github.com/pmezard/go-difflib
  version: 792786c7400a136282c1664665ae0a8db921c6c2
  subpackages:
  - difflib
- name: github.com/stretchr/testify
  version: f35b8ab0b5a2cef36673838d662e249dd9c94686
  subpackages:
  - assert
